
Microsoft Visual Studio Solution File, Format Version 12.00
# Visual Studio Version 16
VisualStudioVersion = 16.0.29123.88
MinimumVisualStudioVersion = 10.0.40219.1
Project("{FAE04EC0-301F-11D3-BF4B-00C04F79EFBC}") = "BrightenTheBrainApp.Android", "BrightenTheBrainApp.Android\BrightenTheBrainApp.Android.csproj", "{076225A8-5E03-443B-900E-F5C5C67AD7CC}"
EndProject
Project("{FAE04EC0-301F-11D3-BF4B-00C04F79EFBC}") = "BrightenTheBrainApp.iOS", "BrightenTheBrainApp.iOS\BrightenTheBrainApp.iOS.csproj", "{E32A223D-7473-4AEC-9FC8-7FEF1797D9A1}"
EndProject
Project("{FAE04EC0-301F-11D3-BF4B-00C04F79EFBC}") = "BrightenTheBrainApp", "BrightenTheBrainApp\BrightenTheBrainApp.csproj", "{EF8EB159-A9E5-4B13-A6BD-E5BABC756FCC}"
EndProject
Global
	GlobalSection(SolutionConfigurationPlatforms) = preSolution
		Debug|Any CPU = Debug|Any CPU
		Debug|iPhone = Debug|iPhone
		Debug|iPhoneSimulator = Debug|iPhoneSimulator
		Release|Any CPU = Release|Any CPU
		Release|iPhone = Release|iPhone
		Release|iPhoneSimulator = Release|iPhoneSimulator
	EndGlobalSection
	GlobalSection(ProjectConfigurationPlatforms) = postSolution
		{076225A8-5E03-443B-900E-F5C5C67AD7CC}.Debug|Any CPU.ActiveCfg = Debug|Any CPU
		{076225A8-5E03-443B-900E-F5C5C67AD7CC}.Debug|Any CPU.Build.0 = Debug|Any CPU
		{076225A8-5E03-443B-900E-F5C5C67AD7CC}.Debug|Any CPU.Deploy.0 = Debug|Any CPU
		{076225A8-5E03-443B-900E-F5C5C67AD7CC}.Debug|iPhone.ActiveCfg = Debug|Any CPU
		{076225A8-5E03-443B-900E-F5C5C67AD7CC}.Debug|iPhone.Build.0 = Debug|Any CPU
		{076225A8-5E03-443B-900E-F5C5C67AD7CC}.Debug|iPhone.Deploy.0 = Debug|Any CPU
		{076225A8-5E03-443B-900E-F5C5C67AD7CC}.Debug|iPhoneSimulator.ActiveCfg = Debug|Any CPU
		{076225A8-5E03-443B-900E-F5C5C67AD7CC}.Debug|iPhoneSimulator.Build.0 = Debug|Any CPU
		{076225A8-5E03-443B-900E-F5C5C67AD7CC}.Debug|iPhoneSimulator.Deploy.0 = Debug|Any CPU
		{076225A8-5E03-443B-900E-F5C5C67AD7CC}.Release|Any CPU.ActiveCfg = Release|Any CPU
		{076225A8-5E03-443B-900E-F5C5C67AD7CC}.Release|Any CPU.Build.0 = Release|Any CPU
		{076225A8-5E03-443B-900E-F5C5C67AD7CC}.Release|Any CPU.Deploy.0 = Release|Any CPU
		{076225A8-5E03-443B-900E-F5C5C67AD7CC}.Release|iPhone.ActiveCfg = Release|Any CPU
		{076225A8-5E03-443B-900E-F5C5C67AD7CC}.Release|iPhone.Build.0 = Release|Any CPU
		{076225A8-5E03-443B-900E-F5C5C67AD7CC}.Release|iPhone.Deploy.0 = Release|Any CPU
		{076225A8-5E03-443B-900E-F5C5C67AD7CC}.Release|iPhoneSimulator.ActiveCfg = Release|Any CPU
		{076225A8-5E03-443B-900E-F5C5C67AD7CC}.Release|iPhoneSimulator.Build.0 = Release|Any CPU
		{076225A8-5E03-443B-900E-F5C5C67AD7CC}.Release|iPhoneSimulator.Deploy.0 = Release|Any CPU
		{E32A223D-7473-4AEC-9FC8-7FEF1797D9A1}.Debug|Any CPU.ActiveCfg = Debug|iPhoneSimulator
		{E32A223D-7473-4AEC-9FC8-7FEF1797D9A1}.Debug|Any CPU.Build.0 = Debug|iPhoneSimulator
		{E32A223D-7473-4AEC-9FC8-7FEF1797D9A1}.Debug|Any CPU.Deploy.0 = Debug|iPhoneSimulator
		{E32A223D-7473-4AEC-9FC8-7FEF1797D9A1}.Debug|iPhone.ActiveCfg = Debug|iPhone
		{E32A223D-7473-4AEC-9FC8-7FEF1797D9A1}.Debug|iPhone.Build.0 = Debug|iPhone
		{E32A223D-7473-4AEC-9FC8-7FEF1797D9A1}.Debug|iPhone.Deploy.0 = Debug|iPhone
		{E32A223D-7473-4AEC-9FC8-7FEF1797D9A1}.Debug|iPhoneSimulator.ActiveCfg = Debug|iPhoneSimulator
		{E32A223D-7473-4AEC-9FC8-7FEF1797D9A1}.Debug|iPhoneSimulator.Build.0 = Debug|iPhoneSimulator
		{E32A223D-7473-4AEC-9FC8-7FEF1797D9A1}.Debug|iPhoneSimulator.Deploy.0 = Debug|iPhoneSimulator
		{E32A223D-7473-4AEC-9FC8-7FEF1797D9A1}.Release|Any CPU.ActiveCfg = Release|iPhone
		{E32A223D-7473-4AEC-9FC8-7FEF1797D9A1}.Release|Any CPU.Build.0 = Release|iPhone
		{E32A223D-7473-4AEC-9FC8-7FEF1797D9A1}.Release|Any CPU.Deploy.0 = Release|iPhone
		{E32A223D-7473-4AEC-9FC8-7FEF1797D9A1}.Release|iPhone.ActiveCfg = Release|iPhone
		{E32A223D-7473-4AEC-9FC8-7FEF1797D9A1}.Release|iPhone.Build.0 = Release|iPhone
		{E32A223D-7473-4AEC-9FC8-7FEF1797D9A1}.Release|iPhone.Deploy.0 = Release|iPhone
		{E32A223D-7473-4AEC-9FC8-7FEF1797D9A1}.Release|iPhoneSimulator.ActiveCfg = Release|iPhoneSimulator
		{E32A223D-7473-4AEC-9FC8-7FEF1797D9A1}.Release|iPhoneSimulator.Build.0 = Release|iPhoneSimulator
		{E32A223D-7473-4AEC-9FC8-7FEF1797D9A1}.Release|iPhoneSimulator.Deploy.0 = Release|iPhoneSimulator
		{EF8EB159-A9E5-4B13-A6BD-E5BABC756FCC}.Debug|Any CPU.ActiveCfg = Debug|Any CPU
		{EF8EB159-A9E5-4B13-A6BD-E5BABC756FCC}.Debug|Any CPU.Build.0 = Debug|Any CPU
		{EF8EB159-A9E5-4B13-A6BD-E5BABC756FCC}.Debug|Any CPU.Deploy.0 = Debug|Any CPU
		{EF8EB159-A9E5-4B13-A6BD-E5BABC756FCC}.Debug|iPhone.ActiveCfg = Debug|Any CPU
		{EF8EB159-A9E5-4B13-A6BD-E5BABC756FCC}.Debug|iPhone.Build.0 = Debug|Any CPU
		{EF8EB159-A9E5-4B13-A6BD-E5BABC756FCC}.Debug|iPhone.Deploy.0 = Debug|Any CPU
		{EF8EB159-A9E5-4B13-A6BD-E5BABC756FCC}.Debug|iPhoneSimulator.ActiveCfg = Debug|Any CPU
		{EF8EB159-A9E5-4B13-A6BD-E5BABC756FCC}.Debug|iPhoneSimulator.Build.0 = Debug|Any CPU
		{EF8EB159-A9E5-4B13-A6BD-E5BABC756FCC}.Debug|iPhoneSimulator.Deploy.0 = Debug|Any CPU
		{EF8EB159-A9E5-4B13-A6BD-E5BABC756FCC}.Release|Any CPU.ActiveCfg = Release|Any CPU
		{EF8EB159-A9E5-4B13-A6BD-E5BABC756FCC}.Release|Any CPU.Build.0 = Release|Any CPU
		{EF8EB159-A9E5-4B13-A6BD-E5BABC756FCC}.Release|Any CPU.Deploy.0 = Release|Any CPU
		{EF8EB159-A9E5-4B13-A6BD-E5BABC756FCC}.Release|iPhone.ActiveCfg = Release|Any CPU
		{EF8EB159-A9E5-4B13-A6BD-E5BABC756FCC}.Release|iPhone.Build.0 = Release|Any CPU
		{EF8EB159-A9E5-4B13-A6BD-E5BABC756FCC}.Release|iPhone.Deploy.0 = Release|Any CPU
		{EF8EB159-A9E5-4B13-A6BD-E5BABC756FCC}.Release|iPhoneSimulator.ActiveCfg = Release|Any CPU
		{EF8EB159-A9E5-4B13-A6BD-E5BABC756FCC}.Release|iPhoneSimulator.Build.0 = Release|Any CPU
		{EF8EB159-A9E5-4B13-A6BD-E5BABC756FCC}.Release|iPhoneSimulator.Deploy.0 = Release|Any CPU
	EndGlobalSection
	GlobalSection(SolutionProperties) = preSolution
		HideSolutionNode = FALSE
	EndGlobalSection
	GlobalSection(ExtensibilityGlobals) = postSolution
		SolutionGuid = {FA55B469-191E-4317-80F5-F3320A030D30}
	EndGlobalSection
EndGlobal
